<?xml version="1.0" encoding="utf-8"?>
<Project ToolsVersion="4.0" xmlns="http://schemas.microsoft.com/developer/msbuild/2003">
  <ItemGroup>
    <Filter Include="Library">
      <UniqueIdentifier>{d5173dcf-2786-4f98-bd55-d03549637dfe}</UniqueIdentifier>
    </Filter>
    <Filter Include="Src">
      <UniqueIdentifier>{80d0a5a9-6779-4863-bede-cc22a4986dc5}</UniqueIdentifier>
    </Filter>
    <Filter Include="Src\System">
      <UniqueIdentifier>{f5928314-3ee2-4e39-abfa-d93aa9ee5891}</UniqueIdentifier>
    </Filter>
    <Filter Include="Src\System\Direct3D">
      <UniqueIdentifier>{f193abd5-e51c-466e-a937-722bc9175e9a}</UniqueIdentifier>
    </Filter>
    <Filter Include="Src\System\Utility">
      <UniqueIdentifier>{f5d733b1-5031-4659-a9d4-0dd3add1e5fb}</UniqueIdentifier>
    </Filter>
    <Filter Include="Src\System\Window">
      <UniqueIdentifier>{cb022f2a-c5a2-449b-9b70-5110aff8550f}</UniqueIdentifier>
    </Filter>
    <Filter Include="Library\imgui">
      <UniqueIdentifier>{85e2ada7-3d34-4892-b70a-8b9a433f7438}</UniqueIdentifier>
    </Filter>
    <Filter Include="Library\tinygltf">
      <UniqueIdentifier>{307bfbcd-124f-4ad7-85f5-3fd94f814b1f}</UniqueIdentifier>
    </Filter>
    <Filter Include="Src\System\Shader">
      <UniqueIdentifier>{93543c0c-58fe-4a94-8279-7be3021b65b1}</UniqueIdentifier>
    </Filter>
    <Filter Include="Src\System\Shader\EffectShader">
      <UniqueIdentifier>{3ed945a9-befa-4db2-b780-7714e82626ed}</UniqueIdentifier>
    </Filter>
    <Filter Include="Src\System\Shader\SpriteShader">
      <UniqueIdentifier>{2da4d471-f4e8-4b2d-bdef-b93f91523b8b}</UniqueIdentifier>
    </Filter>
    <Filter Include="Src\System\Shader\StandardShader">
      <UniqueIdentifier>{0a93a6dd-bb60-46dc-820f-6aea10b3b02f}</UniqueIdentifier>
    </Filter>
    <Filter Include="Src\Application">
      <UniqueIdentifier>{d0d0f9cf-dabd-4346-bc9a-d9c04cf42372}</UniqueIdentifier>
    </Filter>
    <Filter Include="Src\System\Audio">
      <UniqueIdentifier>{667d1cb1-5ae5-476f-acd5-14b7d294a95a}</UniqueIdentifier>
    </Filter>
    <Filter Include="Src\Application\SceneTranslation">
      <UniqueIdentifier>{cf0555f9-e7d5-4446-b215-749fcdc1639f}</UniqueIdentifier>
    </Filter>
    <Filter Include="Src\Application\SceneTranslation\GameOver">
      <UniqueIdentifier>{6823b910-6faa-43b3-aa08-562f0c3ee75d}</UniqueIdentifier>
    </Filter>
    <Filter Include="Src\Application\SceneTranslation\Result">
      <UniqueIdentifier>{8243d0d6-7a44-4aad-9f3d-0c06bd5c0574}</UniqueIdentifier>
    </Filter>
    <Filter Include="Src\Application\SceneTranslation\MainGame">
      <UniqueIdentifier>{6d98306f-68e6-4240-a231-a43df4ec2410}</UniqueIdentifier>
    </Filter>
    <Filter Include="Src\Application\SceneTranslation\Title">
      <UniqueIdentifier>{0d560abe-c1b1-4e90-97b6-f94890cd37f2}</UniqueIdentifier>
    </Filter>
    <Filter Include="Src\Application\SceneTranslation\SceneManager&amp;State">
      <UniqueIdentifier>{65a658a7-211b-40c8-9410-a98a0ded84bf}</UniqueIdentifier>
    </Filter>
    <Filter Include="Src\Application\SceneTranslation\MainGame\Entity_MainGame">
      <UniqueIdentifier>{3e9bfedd-9680-49be-a717-fc32e010c29d}</UniqueIdentifier>
    </Filter>
    <Filter Include="Src\Application\SceneTranslation\MainGame\Entity_MainGame\Base">
      <UniqueIdentifier>{8dd90812-f283-402f-90fb-910e59c13179}</UniqueIdentifier>
    </Filter>
    <Filter Include="Src\Application\SceneTranslation\MainGame\Entity_MainGame\MainCharacter">
      <UniqueIdentifier>{a4f61319-8515-4858-bd61-7d207a25685e}</UniqueIdentifier>
    </Filter>
    <Filter Include="Src\Application\SceneTranslation\MainGame\Entity_MainGame\MainCharacter\Control">
      <UniqueIdentifier>{7486ef2c-8e54-470c-b07a-a491427e6d21}</UniqueIdentifier>
    </Filter>
    <Filter Include="Src\Application\SceneTranslation\MainGame\Entity_MainGame\Enemy">
      <UniqueIdentifier>{c4b6d9be-32b7-46af-aeef-c614fdde24dd}</UniqueIdentifier>
    </Filter>
    <Filter Include="Src\Application\SceneTranslation\MainGame\Entity_MainGame\Enemy\Enemy1">
      <UniqueIdentifier>{d347c8ae-2e20-472b-92f0-bb72496e4183}</UniqueIdentifier>
    </Filter>
    <Filter Include="Src\Application\Tool">
      <UniqueIdentifier>{ac900b0b-d9da-4e3f-9c74-b83ea6ffa158}</UniqueIdentifier>
    </Filter>
    <Filter Include="Src\Application\SceneTranslation\MainGame\Entity_MainGame\Bullet">
      <UniqueIdentifier>{417889b2-0614-49cc-b2c0-e602936044ff}</UniqueIdentifier>
    </Filter>
    <Filter Include="Src\Application\SceneTranslation\MainGame\Entity_MainGame\Bullet\Control">
      <UniqueIdentifier>{aa0f3938-1d50-4d42-b2fb-7d6abfe26fd1}</UniqueIdentifier>
    </Filter>
  </ItemGroup>
  <ItemGroup>
    <ClInclude Include="src\Pch.h">
      <Filter>Src</Filter>
    </ClInclude>
    <ClInclude Include="..\Library\imgui\imconfig.h">
      <Filter>Library\imgui</Filter>
    </ClInclude>
    <ClInclude Include="..\Library\imgui\imgui.h">
      <Filter>Library\imgui</Filter>
    </ClInclude>
    <ClInclude Include="..\Library\imgui\imgui_impl_dx11.h">
      <Filter>Library\imgui</Filter>
    </ClInclude>
    <ClInclude Include="..\Library\imgui\imgui_impl_win32.h">
      <Filter>Library\imgui</Filter>
    </ClInclude>
    <ClInclude Include="..\Library\imgui\imgui_internal.h">
      <Filter>Library\imgui</Filter>
    </ClInclude>
    <ClInclude Include="..\Library\imgui\imstb_rectpack.h">
      <Filter>Library\imgui</Filter>
    </ClInclude>
    <ClInclude Include="..\Library\imgui\imstb_textedit.h">
      <Filter>Library\imgui</Filter>
    </ClInclude>
    <ClInclude Include="..\Library\imgui\imstb_truetype.h">
      <Filter>Library\imgui</Filter>
    </ClInclude>
    <ClInclude Include="..\Library\imgui\ja_glyph_ranges.h">
      <Filter>Library\imgui</Filter>
    </ClInclude>
    <ClInclude Include="..\Library\tinygltf\json.hpp">
      <Filter>Library\tinygltf</Filter>
    </ClInclude>
    <ClInclude Include="..\Library\tinygltf\stb_image.h">
      <Filter>Library\tinygltf</Filter>
    </ClInclude>
    <ClInclude Include="..\Library\tinygltf\stb_image_write.h">
      <Filter>Library\tinygltf</Filter>
    </ClInclude>
    <ClInclude Include="..\Library\tinygltf\tiny_gltf.h">
      <Filter>Library\tinygltf</Filter>
    </ClInclude>
    <ClInclude Include="Src\Application\main.h">
      <Filter>Src\Application</Filter>
    </ClInclude>
    <ClInclude Include="src\System\Direct3D\KdDirect3D.h">
      <Filter>Src\System\Direct3D</Filter>
    </ClInclude>
    <ClInclude Include="src\System\Direct3D\KdModel.h">
      <Filter>Src\System\Direct3D</Filter>
    </ClInclude>
    <ClInclude Include="src\System\Direct3D\KdTexture.h">
      <Filter>Src\System\Direct3D</Filter>
    </ClInclude>
    <ClInclude Include="src\System\Direct3D\KdBuffer.h">
      <Filter>Src\System\Direct3D</Filter>
    </ClInclude>
    <ClInclude Include="Src\System\Direct3D\KdDirect3DHelper.h">
      <Filter>Src\System\Direct3D</Filter>
    </ClInclude>
    <ClInclude Include="Src\System\Audio\KdAudio.h">
      <Filter>Src\System\Audio</Filter>
    </ClInclude>
    <ClInclude Include="Src\System\Direct3D\KdGLTFLoader.h">
      <Filter>Src\System\Direct3D</Filter>
    </ClInclude>
    <ClInclude Include="Src\System\Shader\KdShaderManager.h">
      <Filter>Src\System\Shader</Filter>
    </ClInclude>
    <ClInclude Include="Src\System\Shader\EffectShader\KdEffectShader.h">
      <Filter>Src\System\Shader\EffectShader</Filter>
    </ClInclude>
    <ClInclude Include="Src\System\Shader\SpriteShader\KdSpriteShader.h">
      <Filter>Src\System\Shader\SpriteShader</Filter>
    </ClInclude>
    <ClInclude Include="Src\System\Shader\StandardShader\KdStandardShader.h">
      <Filter>Src\System\Shader\StandardShader</Filter>
    </ClInclude>
    <ClInclude Include="src\System\Utility\KdUtility.h">
      <Filter>Src\System\Utility</Filter>
    </ClInclude>
    <ClInclude Include="src\System\Window\KdGameWindow.h">
      <Filter>Src\System\Window</Filter>
    </ClInclude>
    <ClInclude Include="src\System\KdSystem.h">
      <Filter>Src\System</Filter>
    </ClInclude>
    <ClInclude Include="..\Library\strconv.h">
      <Filter>Library</Filter>
    </ClInclude>
    <ClInclude Include="Src\Application\Scene.h">
      <Filter>Src\Application</Filter>
    </ClInclude>
    <ClInclude Include="Src\Application\SceneTranslation\GameOver\GameOverScene.h">
      <Filter>Src\Application\SceneTranslation\GameOver</Filter>
    </ClInclude>
    <ClInclude Include="Src\Application\SceneTranslation\MainGame\MainGameScene.h">
      <Filter>Src\Application\SceneTranslation\MainGame</Filter>
    </ClInclude>
    <ClInclude Include="Src\Application\SceneTranslation\Result\ResultScene.h">
      <Filter>Src\Application\SceneTranslation\Result</Filter>
    </ClInclude>
    <ClInclude Include="Src\Application\SceneTranslation\Title\TitleScene.h">
      <Filter>Src\Application\SceneTranslation\Title</Filter>
    </ClInclude>
    <ClInclude Include="Src\Application\SceneTranslation\SceneManager&amp;State\SceneManager.h">
      <Filter>Src\Application\SceneTranslation\SceneManager&amp;State</Filter>
    </ClInclude>
    <ClInclude Include="Src\Application\SceneTranslation\SceneManager&amp;State\State.h">
      <Filter>Src\Application\SceneTranslation\SceneManager&amp;State</Filter>
    </ClInclude>
    <ClInclude Include="Src\Application\SceneTranslation\MainGame\Entity_MainGame\Base\EntityBase.h">
      <Filter>Src\Application\SceneTranslation\MainGame\Entity_MainGame\Base</Filter>
    </ClInclude>
    <ClInclude Include="Src\Application\SceneTranslation\MainGame\Entity_MainGame\MainCharacter\MainCharacter.h">
      <Filter>Src\Application\SceneTranslation\MainGame\Entity_MainGame\MainCharacter</Filter>
    </ClInclude>
    <ClInclude Include="Src\Application\SceneTranslation\MainGame\Entity_MainGame\MainCharacter\Control\KeyControl.h">
      <Filter>Src\Application\SceneTranslation\MainGame\Entity_MainGame\MainCharacter\Control</Filter>
    </ClInclude>
    <ClInclude Include="Src\Application\SceneTranslation\MainGame\Entity_MainGame\Enemy\Enemy1\Enemy1.h">
      <Filter>Src\Application\SceneTranslation\MainGame\Entity_MainGame\Enemy\Enemy1</Filter>
    </ClInclude>
    <ClInclude Include="Src\Application\Tool\RandomNumericalValue.h">
      <Filter>Src\Application\Tool</Filter>
    </ClInclude>
    <ClInclude Include="Src\Application\SceneTranslation\MainGame\Entity_MainGame\Bullet\Bullet.h">
      <Filter>Src\Application\SceneTranslation\MainGame\Entity_MainGame\Bullet</Filter>
    </ClInclude>
  </ItemGroup>
  <ItemGroup>
    <ClCompile Include="src\Pch.cpp">
      <Filter>Src</Filter>
    </ClCompile>
    <ClCompile Include="..\Library\imgui\imgui.cpp">
      <Filter>Library\imgui</Filter>
    </ClCompile>
    <ClCompile Include="..\Library\imgui\imgui_demo.cpp">
      <Filter>Library\imgui</Filter>
    </ClCompile>
    <ClCompile Include="..\Library\imgui\imgui_draw.cpp">
      <Filter>Library\imgui</Filter>
    </ClCompile>
    <ClCompile Include="..\Library\imgui\imgui_impl_dx11.cpp">
      <Filter>Library\imgui</Filter>
    </ClCompile>
    <ClCompile Include="..\Library\imgui\imgui_impl_win32.cpp">
      <Filter>Library\imgui</Filter>
    </ClCompile>
    <ClCompile Include="..\Library\imgui\imgui_widgets.cpp">
      <Filter>Library\imgui</Filter>
    </ClCompile>
    <ClCompile Include="Src\Application\main.cpp">
      <Filter>Src\Application</Filter>
    </ClCompile>
    <ClCompile Include="src\System\Direct3D\KdDirect3D.cpp">
      <Filter>Src\System\Direct3D</Filter>
    </ClCompile>
    <ClCompile Include="src\System\Direct3D\KdModel.cpp">
      <Filter>Src\System\Direct3D</Filter>
    </ClCompile>
    <ClCompile Include="src\System\Direct3D\KdTexture.cpp">
      <Filter>Src\System\Direct3D</Filter>
    </ClCompile>
    <ClCompile Include="src\System\Direct3D\KdBuffer.cpp">
      <Filter>Src\System\Direct3D</Filter>
    </ClCompile>
    <ClCompile Include="Src\System\Direct3D\KdDirect3DHelper.cpp">
      <Filter>Src\System\Direct3D</Filter>
    </ClCompile>
    <ClCompile Include="Src\System\Audio\KdAudio.cpp">
      <Filter>Src\System\Audio</Filter>
    </ClCompile>
    <ClCompile Include="Src\System\Direct3D\KdGLTFLoader.cpp">
      <Filter>Src\System\Direct3D</Filter>
    </ClCompile>
    <ClCompile Include="Src\System\Shader\KdShaderManager.cpp">
      <Filter>Src\System\Shader</Filter>
    </ClCompile>
    <ClCompile Include="Src\System\Shader\EffectShader\KdEffectShader.cpp">
      <Filter>Src\System\Shader\EffectShader</Filter>
    </ClCompile>
    <ClCompile Include="Src\System\Shader\SpriteShader\KdSpriteShader.cpp">
      <Filter>Src\System\Shader\SpriteShader</Filter>
    </ClCompile>
    <ClCompile Include="Src\System\Shader\StandardShader\KdStandardShader.cpp">
      <Filter>Src\System\Shader\StandardShader</Filter>
    </ClCompile>
    <ClCompile Include="src\System\Window\KdGameWindow.cpp">
      <Filter>Src\System\Window</Filter>
    </ClCompile>
    <ClCompile Include="Src\Application\Scene.cpp">
      <Filter>Src\Application</Filter>
    </ClCompile>
    <ClCompile Include="Src\Application\SceneTranslation\GameOver\GameOverScene.cpp">
      <Filter>Src\Application\SceneTranslation\GameOver</Filter>
    </ClCompile>
    <ClCompile Include="Src\Application\SceneTranslation\MainGame\MainGameScene.cpp">
      <Filter>Src\Application\SceneTranslation\MainGame</Filter>
    </ClCompile>
    <ClCompile Include="Src\Application\SceneTranslation\Result\ResultScene.cpp">
      <Filter>Src\Application\SceneTranslation\Result</Filter>
    </ClCompile>
    <ClCompile Include="Src\Application\SceneTranslation\Title\TitleScene.cpp">
      <Filter>Src\Application\SceneTranslation\Title</Filter>
    </ClCompile>
    <ClCompile Include="Src\Application\SceneTranslation\SceneManager&amp;State\State.cpp">
      <Filter>Src\Application\SceneTranslation\SceneManager&amp;State</Filter>
    </ClCompile>
    <ClCompile Include="Src\Application\SceneTranslation\MainGame\Entity_MainGame\Base\EntityBase.cpp">
      <Filter>Src\Application\SceneTranslation\MainGame\Entity_MainGame\Base</Filter>
    </ClCompile>
    <ClCompile Include="Src\Application\SceneTranslation\MainGame\Entity_MainGame\MainCharacter\MainCharacter.cpp">
      <Filter>Src\Application\SceneTranslation\MainGame\Entity_MainGame\MainCharacter</Filter>
    </ClCompile>
    <ClCompile Include="Src\Application\SceneTranslation\MainGame\Entity_MainGame\MainCharacter\Control\KeyControl.cpp">
      <Filter>Src\Application\SceneTranslation\MainGame\Entity_MainGame\MainCharacter\Control</Filter>
    </ClCompile>
    <ClCompile Include="Src\Application\SceneTranslation\MainGame\Entity_MainGame\Enemy\Enemy1\Enemy1.cpp">
      <Filter>Src\Application\SceneTranslation\MainGame\Entity_MainGame\Enemy\Enemy1</Filter>
    </ClCompile>
    <ClCompile Include="Src\Application\SceneTranslation\MainGame\Entity_MainGame\Bullet\Bullet.cpp">
      <Filter>Src\Application\SceneTranslation\MainGame\Entity_MainGame\Bullet</Filter>
    </ClCompile>
  </ItemGroup>
  <ItemGroup>
    <Text Include="説明.txt" />
  </ItemGroup>
  <ItemGroup>
    <None Include="Src\System\Shader\EffectShader\inc_KdEffectShader.hlsli">
      <Filter>Src\System\Shader\EffectShader</Filter>
    </None>
    <None Include="Src\System\Shader\inc_KdCommon.hlsli">
      <Filter>Src\System\Shader</Filter>
    </None>
    <None Include="Src\System\Shader\SpriteShader\inc_KdSpriteShader.hlsli">
      <Filter>Src\System\Shader\SpriteShader</Filter>
    </None>
    <None Include="Src\System\Shader\StandardShader\inc_KdStandardShader.hlsli">
      <Filter>Src\System\Shader\StandardShader</Filter>
    </None>
  </ItemGroup>
  <ItemGroup>
    <FxCompile Include="Src\System\Shader\EffectShader\KdEffectShader_PS.hlsl">
      <Filter>Src\System\Shader\EffectShader</Filter>
    </FxCompile>
    <FxCompile Include="Src\System\Shader\EffectShader\KdEffectShader_VS.hlsl">
      <Filter>Src\System\Shader\EffectShader</Filter>
    </FxCompile>
    <FxCompile Include="Src\System\Shader\SpriteShader\KdSpriteShader_PS.hlsl">
      <Filter>Src\System\Shader\SpriteShader</Filter>
    </FxCompile>
    <FxCompile Include="Src\System\Shader\SpriteShader\KdSpriteShader_VS.hlsl">
      <Filter>Src\System\Shader\SpriteShader</Filter>
    </FxCompile>
    <FxCompile Include="Src\System\Shader\StandardShader\KdStandardShader_PS.hlsl">
      <Filter>Src\System\Shader\StandardShader</Filter>
    </FxCompile>
    <FxCompile Include="Src\System\Shader\StandardShader\KdStandardShader_VS.hlsl">
      <Filter>Src\System\Shader\StandardShader</Filter>
    </FxCompile>
  </ItemGroup>
</Project>